
Microsoft Visual Studio Solution File, Format Version 12.00
# Visual Studio Version 16
VisualStudioVersion = 16.0.31205.134
MinimumVisualStudioVersion = 10.0.40219.1
Project("{9A19103F-16F7-4668-BE54-9A1E7A4F7556}") = "GeoJsonFeatures.WebAPI", "GeoJsonFeatures.WebAPI\GeoJsonFeatures.WebAPI.csproj", "{5899CDB1-1D47-46DB-9F15-0EE2F86BD5DF}"
EndProject
Project("{9A19103F-16F7-4668-BE54-9A1E7A4F7556}") = "GeoJsonFeatures.UnitTest", "GeoJsonFeatures.UnitTest\GeoJsonFeatures.UnitTest.csproj", "{16824F35-212A-43C9-9DF1-92FE0F668E92}"
EndProject
Project("{FAE04EC0-301F-11D3-BF4B-00C04F79EFBC}") = "GeoJsonFeatures.Web", "GeoJsonFeatures.Web\GeoJsonFeatures.Web.csproj", "{A6947D6B-176D-4FC0-B00D-C705BC5C6A11}"
EndProject
Global
	GlobalSection(SolutionConfigurationPlatforms) = preSolution
		Debug|Any CPU = Debug|Any CPU
		Release|Any CPU = Release|Any CPU
	EndGlobalSection
	GlobalSection(ProjectConfigurationPlatforms) = postSolution
		{5899CDB1-1D47-46DB-9F15-0EE2F86BD5DF}.Debug|Any CPU.ActiveCfg = Debug|Any CPU
		{5899CDB1-1D47-46DB-9F15-0EE2F86BD5DF}.Debug|Any CPU.Build.0 = Debug|Any CPU
		{5899CDB1-1D47-46DB-9F15-0EE2F86BD5DF}.Release|Any CPU.ActiveCfg = Release|Any CPU
		{5899CDB1-1D47-46DB-9F15-0EE2F86BD5DF}.Release|Any CPU.Build.0 = Release|Any CPU
		{16824F35-212A-43C9-9DF1-92FE0F668E92}.Debug|Any CPU.ActiveCfg = Debug|Any CPU
		{16824F35-212A-43C9-9DF1-92FE0F668E92}.Debug|Any CPU.Build.0 = Debug|Any CPU
		{16824F35-212A-43C9-9DF1-92FE0F668E92}.Release|Any CPU.ActiveCfg = Release|Any CPU
		{16824F35-212A-43C9-9DF1-92FE0F668E92}.Release|Any CPU.Build.0 = Release|Any CPU
		{A6947D6B-176D-4FC0-B00D-C705BC5C6A11}.Debug|Any CPU.ActiveCfg = Debug|Any CPU
		{A6947D6B-176D-4FC0-B00D-C705BC5C6A11}.Debug|Any CPU.Build.0 = Debug|Any CPU
		{A6947D6B-176D-4FC0-B00D-C705BC5C6A11}.Release|Any CPU.ActiveCfg = Release|Any CPU
		{A6947D6B-176D-4FC0-B00D-C705BC5C6A11}.Release|Any CPU.Build.0 = Release|Any CPU
	EndGlobalSection
	GlobalSection(SolutionProperties) = preSolution
		HideSolutionNode = FALSE
	EndGlobalSection
	GlobalSection(ExtensibilityGlobals) = postSolution
		SolutionGuid = {F96D0A67-9ED8-4744-A65F-E0EB27DAEAB5}
	EndGlobalSection
EndGlobal
